# This file is autogenerated, do not edit; changes may be undone by the next 'dep ensure'.


[[projects]]
  digest = "1:0bfbe13936953a98ae3cfe8ed6670d396ad81edf069a806d2f6515d7bb6950df"
  name = "github.com/google/btree"
  packages = ["."]
  pruneopts = "UT"
  revision = "4030bb1f1f0c35b30ca7009e9ebd06849dd45306"
  version = "v1.0.0"

[[projects]]
  branch = "master"
  digest = "1:89da0f0574bc94cfd0ac8b59af67bf76cdd110d503df2721006b9f0492394333"
  name = "github.com/petar/GoLLRB"
  packages = ["llrb"]
  pruneopts = "UT"
  revision = "33fb24c13b99c46c93183c291836c573ac382536"

[[projects]]
  digest = "1:2e76a73cb51f42d63a2a1a85b3dc5731fd4faf6821b434bd0ef2c099186031d6"
  name = "github.com/rs/xid"
  packages = ["."]
  pruneopts = "UT"
  revision = "15d26544def341f036c5f8dca987a4cbe575032c"
  version = "v1.2.1"

[[projects]]
  branch = "master"
  digest = "1:5975e74ce1d29fb5ae2335cd95500a5b9a0492d6a05584a4623467130959d72c"
  name = "github.com/tecbot/gorocksdb"
  packages = ["."]
  pruneopts = "UT"
  revision = "025c3cf4ffb46a5c7c987cb28f44eb5073ef2a80"

[[projects]]
  digest = "1:68a7cb5028bb8bd8efa388a7eaee577f2535c99209df851afb4b49c102316cf2"
  name = "github.com/thoas/go-funk"
  packages = ["."]
  pruneopts = "UT"
  revision = "c43409e2d5def27be9b081e316441108def35c8d"
  version = "v0.4.0"

[solve-meta]
  analyzer-name = "dep"
  analyzer-version = 1
  input-imports = [
    "github.com/google/btree",
    "github.com/rs/xid",
    "github.com/tecbot/gorocksdb",
    "github.com/thoas/go-funk",
  ]
  solver-name = "gps-cdcl"
  solver-version = 1
